
Microsoft Visual Studio Solution File, Format Version 12.00
# Visual Studio Version 17
VisualStudioVersion = 17.4.33205.214
MinimumVisualStudioVersion = 10.0.40219.1
Project("{FAE04EC0-301F-11D3-BF4B-00C04F79EFBC}") = "Day2ProgrammingContruct", "Day2ProgrammingContruct.csproj", "{96B8C812-027B-4320-ADC1-52610C118D7D}"
EndProject
Global
	GlobalSection(SolutionConfigurationPlatforms) = preSolution
		Debug|Any CPU = Debug|Any CPU
		Release|Any CPU = Release|Any CPU
	EndGlobalSection
	GlobalSection(ProjectConfigurationPlatforms) = postSolution
		{96B8C812-027B-4320-ADC1-52610C118D7D}.Debug|Any CPU.ActiveCfg = Debug|Any CPU
		{96B8C812-027B-4320-ADC1-52610C118D7D}.Debug|Any CPU.Build.0 = Debug|Any CPU
		{96B8C812-027B-4320-ADC1-52610C118D7D}.Release|Any CPU.ActiveCfg = Release|Any CPU
		{96B8C812-027B-4320-ADC1-52610C118D7D}.Release|Any CPU.Build.0 = Release|Any CPU
	EndGlobalSection
	GlobalSection(SolutionProperties) = preSolution
		HideSolutionNode = FALSE
	EndGlobalSection
	GlobalSection(ExtensibilityGlobals) = postSolution
		SolutionGuid = {1EED3BF2-453A-4FD2-A027-7D69F364246F}
	EndGlobalSection
EndGlobal
